
Microsoft Visual Studio Solution File, Format Version 12.00
# Visual Studio Version 17
VisualStudioVersion = 17.0.31521.260
MinimumVisualStudioVersion = 10.0.40219.1
Project("{2150E333-8FDC-42A3-9474-1A3956D46DE8}") = "FrontEnd", "FrontEnd", "{5D7D01B6-30E0-4552-BE0E-6EE1577B5FA7}"
EndProject
Project("{2150E333-8FDC-42A3-9474-1A3956D46DE8}") = "Services", "Services", "{BE8F341D-1378-4B40-88F9-6901B74F17C3}"
EndProject
Project("{9A19103F-16F7-4668-BE54-9A1E7A4F7556}") = "GeekShopping.Web", "GeekShopping.Web\GeekShopping.Web.csproj", "{5F676414-A1E7-4180-96F6-C7479B1100A8}"
EndProject
Project("{9A19103F-16F7-4668-BE54-9A1E7A4F7556}") = "GeekShopping.ProductAPI", "GeekShopping.ProductAPI\GeekShopping.ProductAPI.csproj", "{85D4039E-9A6D-4472-91FD-60E05EEE3587}"
EndProject
Project("{9A19103F-16F7-4668-BE54-9A1E7A4F7556}") = "GeekShopping.IdentityServer", "GeekShopping.IdentityServer\GeekShopping.IdentityServer.csproj", "{59F64765-2AFF-49BE-80E9-3DFF41F85D22}"
EndProject
Project("{9A19103F-16F7-4668-BE54-9A1E7A4F7556}") = "GeekShopping.CartAPI", "GeekShopping.CartAPI\GeekShopping.CartAPI.csproj", "{FDDB28BA-35E7-4D5B-884D-F5BC0EFE865E}"
EndProject
Project("{9A19103F-16F7-4668-BE54-9A1E7A4F7556}") = "GeekShopping.CouponAPI", "GeekShopping.CouponAPI\GeekShopping.CouponAPI.csproj", "{7CA38823-6C7D-4062-BB0C-8FD65F1E4D6C}"
EndProject
Project("{2150E333-8FDC-42A3-9474-1A3956D46DE8}") = "Integration", "Integration", "{AFF4EE0F-21E6-4FE6-870A-B501F24A6875}"
EndProject
Project("{9A19103F-16F7-4668-BE54-9A1E7A4F7556}") = "GeekShopping.MessageBus", "GeekShopping.MessageBus\GeekShopping.MessageBus.csproj", "{DE6245B3-4C70-47A8-861C-78D8D302174F}"
EndProject
Project("{9A19103F-16F7-4668-BE54-9A1E7A4F7556}") = "GeekShopping.OrderAPI", "GeekShopping.OrderAPI\GeekShopping.OrderAPI.csproj", "{17C19ACC-96DD-4B31-A0AF-D483DB0737C5}"
EndProject
Project("{2150E333-8FDC-42A3-9474-1A3956D46DE8}") = "Payments", "Payments", "{BA6EADF5-49B6-44CD-BE4F-0A730ED02037}"
EndProject
Project("{9A19103F-16F7-4668-BE54-9A1E7A4F7556}") = "GeekShopping.PaymentProcessor", "GeekShopping.PaymentProcessor\GeekShopping.PaymentProcessor.csproj", "{9A3B2721-58F2-44DA-954D-59160655F960}"
EndProject
Project("{9A19103F-16F7-4668-BE54-9A1E7A4F7556}") = "GeekShopping.PaymentAPI", "GeekShopping.PaymentAPI\GeekShopping.PaymentAPI.csproj", "{E548F2CB-C807-44E1-A2FA-AAA3EEAE8000}"
EndProject
Project("{9A19103F-16F7-4668-BE54-9A1E7A4F7556}") = "GeekShopping.Email", "GeekShopping.Email\GeekShopping.Email.csproj", "{B93009E0-4ADC-4CBD-9BAB-D942D279616C}"
EndProject
Project("{2150E333-8FDC-42A3-9474-1A3956D46DE8}") = "Gateway", "Gateway", "{DEF24F65-6169-44C5-AD17-81D04E4BAC4C}"
EndProject
Project("{9A19103F-16F7-4668-BE54-9A1E7A4F7556}") = "GeekShopping.APIGateway", "GeekShopping.APIGateway\GeekShopping.APIGateway.csproj", "{DD292CB7-4942-493F-9A64-D553DED3EF61}"
EndProject
Global
	GlobalSection(SolutionConfigurationPlatforms) = preSolution
		Debug|Any CPU = Debug|Any CPU
		Release|Any CPU = Release|Any CPU
	EndGlobalSection
	GlobalSection(ProjectConfigurationPlatforms) = postSolution
		{5F676414-A1E7-4180-96F6-C7479B1100A8}.Debug|Any CPU.ActiveCfg = Debug|Any CPU
		{5F676414-A1E7-4180-96F6-C7479B1100A8}.Debug|Any CPU.Build.0 = Debug|Any CPU
		{5F676414-A1E7-4180-96F6-C7479B1100A8}.Release|Any CPU.ActiveCfg = Release|Any CPU
		{5F676414-A1E7-4180-96F6-C7479B1100A8}.Release|Any CPU.Build.0 = Release|Any CPU
		{85D4039E-9A6D-4472-91FD-60E05EEE3587}.Debug|Any CPU.ActiveCfg = Debug|Any CPU
		{85D4039E-9A6D-4472-91FD-60E05EEE3587}.Debug|Any CPU.Build.0 = Debug|Any CPU
		{85D4039E-9A6D-4472-91FD-60E05EEE3587}.Release|Any CPU.ActiveCfg = Release|Any CPU
		{85D4039E-9A6D-4472-91FD-60E05EEE3587}.Release|Any CPU.Build.0 = Release|Any CPU
		{59F64765-2AFF-49BE-80E9-3DFF41F85D22}.Debug|Any CPU.ActiveCfg = Debug|Any CPU
		{59F64765-2AFF-49BE-80E9-3DFF41F85D22}.Debug|Any CPU.Build.0 = Debug|Any CPU
		{59F64765-2AFF-49BE-80E9-3DFF41F85D22}.Release|Any CPU.ActiveCfg = Release|Any CPU
		{59F64765-2AFF-49BE-80E9-3DFF41F85D22}.Release|Any CPU.Build.0 = Release|Any CPU
		{FDDB28BA-35E7-4D5B-884D-F5BC0EFE865E}.Debug|Any CPU.ActiveCfg = Debug|Any CPU
		{FDDB28BA-35E7-4D5B-884D-F5BC0EFE865E}.Debug|Any CPU.Build.0 = Debug|Any CPU
		{FDDB28BA-35E7-4D5B-884D-F5BC0EFE865E}.Release|Any CPU.ActiveCfg = Release|Any CPU
		{FDDB28BA-35E7-4D5B-884D-F5BC0EFE865E}.Release|Any CPU.Build.0 = Release|Any CPU
		{7CA38823-6C7D-4062-BB0C-8FD65F1E4D6C}.Debug|Any CPU.ActiveCfg = Debug|Any CPU
		{7CA38823-6C7D-4062-BB0C-8FD65F1E4D6C}.Debug|Any CPU.Build.0 = Debug|Any CPU
		{7CA38823-6C7D-4062-BB0C-8FD65F1E4D6C}.Release|Any CPU.ActiveCfg = Release|Any CPU
		{7CA38823-6C7D-4062-BB0C-8FD65F1E4D6C}.Release|Any CPU.Build.0 = Release|Any CPU
		{DE6245B3-4C70-47A8-861C-78D8D302174F}.Debug|Any CPU.ActiveCfg = Debug|Any CPU
		{DE6245B3-4C70-47A8-861C-78D8D302174F}.Debug|Any CPU.Build.0 = Debug|Any CPU
		{DE6245B3-4C70-47A8-861C-78D8D302174F}.Release|Any CPU.ActiveCfg = Release|Any CPU
		{DE6245B3-4C70-47A8-861C-78D8D302174F}.Release|Any CPU.Build.0 = Release|Any CPU
		{17C19ACC-96DD-4B31-A0AF-D483DB0737C5}.Debug|Any CPU.ActiveCfg = Debug|Any CPU
		{17C19ACC-96DD-4B31-A0AF-D483DB0737C5}.Debug|Any CPU.Build.0 = Debug|Any CPU
		{17C19ACC-96DD-4B31-A0AF-D483DB0737C5}.Release|Any CPU.ActiveCfg = Release|Any CPU
		{17C19ACC-96DD-4B31-A0AF-D483DB0737C5}.Release|Any CPU.Build.0 = Release|Any CPU
		{9A3B2721-58F2-44DA-954D-59160655F960}.Debug|Any CPU.ActiveCfg = Debug|Any CPU
		{9A3B2721-58F2-44DA-954D-59160655F960}.Debug|Any CPU.Build.0 = Debug|Any CPU
		{9A3B2721-58F2-44DA-954D-59160655F960}.Release|Any CPU.ActiveCfg = Release|Any CPU
		{9A3B2721-58F2-44DA-954D-59160655F960}.Release|Any CPU.Build.0 = Release|Any CPU
		{E548F2CB-C807-44E1-A2FA-AAA3EEAE8000}.Debug|Any CPU.ActiveCfg = Debug|Any CPU
		{E548F2CB-C807-44E1-A2FA-AAA3EEAE8000}.Debug|Any CPU.Build.0 = Debug|Any CPU
		{E548F2CB-C807-44E1-A2FA-AAA3EEAE8000}.Release|Any CPU.ActiveCfg = Release|Any CPU
		{E548F2CB-C807-44E1-A2FA-AAA3EEAE8000}.Release|Any CPU.Build.0 = Release|Any CPU
		{B93009E0-4ADC-4CBD-9BAB-D942D279616C}.Debug|Any CPU.ActiveCfg = Debug|Any CPU
		{B93009E0-4ADC-4CBD-9BAB-D942D279616C}.Debug|Any CPU.Build.0 = Debug|Any CPU
		{B93009E0-4ADC-4CBD-9BAB-D942D279616C}.Release|Any CPU.ActiveCfg = Release|Any CPU
		{B93009E0-4ADC-4CBD-9BAB-D942D279616C}.Release|Any CPU.Build.0 = Release|Any CPU
		{DD292CB7-4942-493F-9A64-D553DED3EF61}.Debug|Any CPU.ActiveCfg = Debug|Any CPU
		{DD292CB7-4942-493F-9A64-D553DED3EF61}.Debug|Any CPU.Build.0 = Debug|Any CPU
		{DD292CB7-4942-493F-9A64-D553DED3EF61}.Release|Any CPU.ActiveCfg = Release|Any CPU
		{DD292CB7-4942-493F-9A64-D553DED3EF61}.Release|Any CPU.Build.0 = Release|Any CPU
	EndGlobalSection
	GlobalSection(SolutionProperties) = preSolution
		HideSolutionNode = FALSE
	EndGlobalSection
	GlobalSection(NestedProjects) = preSolution
		{5F676414-A1E7-4180-96F6-C7479B1100A8} = {5D7D01B6-30E0-4552-BE0E-6EE1577B5FA7}
		{85D4039E-9A6D-4472-91FD-60E05EEE3587} = {BE8F341D-1378-4B40-88F9-6901B74F17C3}
		{59F64765-2AFF-49BE-80E9-3DFF41F85D22} = {BE8F341D-1378-4B40-88F9-6901B74F17C3}
		{FDDB28BA-35E7-4D5B-884D-F5BC0EFE865E} = {BE8F341D-1378-4B40-88F9-6901B74F17C3}
		{7CA38823-6C7D-4062-BB0C-8FD65F1E4D6C} = {BE8F341D-1378-4B40-88F9-6901B74F17C3}
		{DE6245B3-4C70-47A8-861C-78D8D302174F} = {AFF4EE0F-21E6-4FE6-870A-B501F24A6875}
		{17C19ACC-96DD-4B31-A0AF-D483DB0737C5} = {BE8F341D-1378-4B40-88F9-6901B74F17C3}
		{9A3B2721-58F2-44DA-954D-59160655F960} = {BA6EADF5-49B6-44CD-BE4F-0A730ED02037}
		{E548F2CB-C807-44E1-A2FA-AAA3EEAE8000} = {BE8F341D-1378-4B40-88F9-6901B74F17C3}
		{B93009E0-4ADC-4CBD-9BAB-D942D279616C} = {BE8F341D-1378-4B40-88F9-6901B74F17C3}
		{DD292CB7-4942-493F-9A64-D553DED3EF61} = {DEF24F65-6169-44C5-AD17-81D04E4BAC4C}
	EndGlobalSection
	GlobalSection(ExtensibilityGlobals) = postSolution
		SolutionGuid = {44782F14-DB85-4BF3-BFEA-254F451A02FA}
	EndGlobalSection
EndGlobal
