
Microsoft Visual Studio Solution File, Format Version 12.00
# Visual Studio Version 17
VisualStudioVersion = 17.3.32922.545
MinimumVisualStudioVersion = 10.0.40219.1
Project("{FAE04EC0-301F-11D3-BF4B-00C04F79EFBC}") = "RestWithASPNETUdemy", "RestWithASPNETUdemy\RestWithASPNETUdemy.csproj", "{FE935B09-BBDE-4DC8-8C3D-F9C8FE25CE1D}"
EndProject
Global
	GlobalSection(SolutionConfigurationPlatforms) = preSolution
		Debug|Any CPU = Debug|Any CPU
		Release|Any CPU = Release|Any CPU
	EndGlobalSection
	GlobalSection(ProjectConfigurationPlatforms) = postSolution
		{FE935B09-BBDE-4DC8-8C3D-F9C8FE25CE1D}.Debug|Any CPU.ActiveCfg = Debug|Any CPU
		{FE935B09-BBDE-4DC8-8C3D-F9C8FE25CE1D}.Debug|Any CPU.Build.0 = Debug|Any CPU
		{FE935B09-BBDE-4DC8-8C3D-F9C8FE25CE1D}.Release|Any CPU.ActiveCfg = Release|Any CPU
		{FE935B09-BBDE-4DC8-8C3D-F9C8FE25CE1D}.Release|Any CPU.Build.0 = Release|Any CPU
	EndGlobalSection
	GlobalSection(SolutionProperties) = preSolution
		HideSolutionNode = FALSE
	EndGlobalSection
	GlobalSection(ExtensibilityGlobals) = postSolution
		SolutionGuid = {1525C719-4AE6-4276-A8AF-605BD1A31A61}
	EndGlobalSection
EndGlobal
