
Microsoft Visual Studio Solution File, Format Version 12.00
# Visual Studio Version 17
VisualStudioVersion = 17.3.32825.248
MinimumVisualStudioVersion = 10.0.40219.1
Project("{2150E333-8FDC-42A3-9474-1A3956D46DE8}") = "FrontEnd", "FrontEnd", "{736F7002-E48E-4407-9932-8F41C0CE16FA}"
EndProject
Project("{2150E333-8FDC-42A3-9474-1A3956D46DE8}") = "Services", "Services", "{1E22E772-4782-4104-B348-8CB4D76F7F65}"
EndProject
Project("{FAE04EC0-301F-11D3-BF4B-00C04F79EFBC}") = "GeekShopping.Web", "GeekShopping.Web\GeekShopping.Web.csproj", "{C26B48FB-2915-486D-B19A-8E62FD09CC61}"
EndProject
Project("{FAE04EC0-301F-11D3-BF4B-00C04F79EFBC}") = "GeekShopping.ProductAPI", "GeekShopping.ProductAPI\GeekShopping.ProductAPI.csproj", "{D4659DE9-D5C1-4BEF-9776-E24973FC062B}"
EndProject
Global
	GlobalSection(SolutionConfigurationPlatforms) = preSolution
		Debug|Any CPU = Debug|Any CPU
		Release|Any CPU = Release|Any CPU
	EndGlobalSection
	GlobalSection(ProjectConfigurationPlatforms) = postSolution
		{C26B48FB-2915-486D-B19A-8E62FD09CC61}.Debug|Any CPU.ActiveCfg = Debug|Any CPU
		{C26B48FB-2915-486D-B19A-8E62FD09CC61}.Debug|Any CPU.Build.0 = Debug|Any CPU
		{C26B48FB-2915-486D-B19A-8E62FD09CC61}.Release|Any CPU.ActiveCfg = Release|Any CPU
		{C26B48FB-2915-486D-B19A-8E62FD09CC61}.Release|Any CPU.Build.0 = Release|Any CPU
		{D4659DE9-D5C1-4BEF-9776-E24973FC062B}.Debug|Any CPU.ActiveCfg = Debug|Any CPU
		{D4659DE9-D5C1-4BEF-9776-E24973FC062B}.Debug|Any CPU.Build.0 = Debug|Any CPU
		{D4659DE9-D5C1-4BEF-9776-E24973FC062B}.Release|Any CPU.ActiveCfg = Release|Any CPU
		{D4659DE9-D5C1-4BEF-9776-E24973FC062B}.Release|Any CPU.Build.0 = Release|Any CPU
	EndGlobalSection
	GlobalSection(SolutionProperties) = preSolution
		HideSolutionNode = FALSE
	EndGlobalSection
	GlobalSection(NestedProjects) = preSolution
		{C26B48FB-2915-486D-B19A-8E62FD09CC61} = {736F7002-E48E-4407-9932-8F41C0CE16FA}
		{D4659DE9-D5C1-4BEF-9776-E24973FC062B} = {1E22E772-4782-4104-B348-8CB4D76F7F65}
	EndGlobalSection
	GlobalSection(ExtensibilityGlobals) = postSolution
		SolutionGuid = {4F687BB2-0638-470E-A9E7-3DC8267DE166}
	EndGlobalSection
EndGlobal
